
Microsoft Visual Studio Solution File, Format Version 12.00
# Visual Studio Version 17
VisualStudioVersion = 17.4.33205.214
MinimumVisualStudioVersion = 10.0.40219.1
Project("{FAE04EC0-301F-11D3-BF4B-00C04F79EFBC}") = "comp_graphics_indiv_2", "comp_graphics_indiv_2\comp_graphics_indiv_2.csproj", "{5CCF5AE6-555A-4CA2-9342-DC6EE8E66060}"
EndProject
Global
	GlobalSection(SolutionConfigurationPlatforms) = preSolution
		Debug|Any CPU = Debug|Any CPU
		Release|Any CPU = Release|Any CPU
	EndGlobalSection
	GlobalSection(ProjectConfigurationPlatforms) = postSolution
		{5CCF5AE6-555A-4CA2-9342-DC6EE8E66060}.Debug|Any CPU.ActiveCfg = Debug|Any CPU
		{5CCF5AE6-555A-4CA2-9342-DC6EE8E66060}.Debug|Any CPU.Build.0 = Debug|Any CPU
		{5CCF5AE6-555A-4CA2-9342-DC6EE8E66060}.Release|Any CPU.ActiveCfg = Release|Any CPU
		{5CCF5AE6-555A-4CA2-9342-DC6EE8E66060}.Release|Any CPU.Build.0 = Release|Any CPU
	EndGlobalSection
	GlobalSection(SolutionProperties) = preSolution
		HideSolutionNode = FALSE
	EndGlobalSection
	GlobalSection(ExtensibilityGlobals) = postSolution
		SolutionGuid = {DF607B97-9845-445B-AB06-A87DDDEFE64E}
	EndGlobalSection
EndGlobal
